
Microsoft Visual Studio Solution File, Format Version 12.00
# Visual Studio Version 17
VisualStudioVersion = 17.12.35521.163
MinimumVisualStudioVersion = 10.0.40219.1
Project("{FAE04EC0-301F-11D3-BF4B-00C04F79EFBC}") = "SemanticKernel.Chatbot", "SemanticKernel.Chatbot\SemanticKernel.Chatbot.csproj", "{7346FE37-8D75-4EE9-99BF-ADC5C12041A9}"
EndProject
Project("{2150E333-8FDC-42A3-9474-1A3956D46DE8}") = "UI", "UI", "{5CCAE68C-95E9-452C-AC40-639A4D90553A}"
	ProjectSection(SolutionItems) = preProject
		app.js = app.js
		index.html = index.html
		style.css = style.css
	EndProjectSection
EndProject
Global
	GlobalSection(SolutionConfigurationPlatforms) = preSolution
		Debug|Any CPU = Debug|Any CPU
		Release|Any CPU = Release|Any CPU
	EndGlobalSection
	GlobalSection(ProjectConfigurationPlatforms) = postSolution
		{7346FE37-8D75-4EE9-99BF-ADC5C12041A9}.Debug|Any CPU.ActiveCfg = Debug|Any CPU
		{7346FE37-8D75-4EE9-99BF-ADC5C12041A9}.Debug|Any CPU.Build.0 = Debug|Any CPU
		{7346FE37-8D75-4EE9-99BF-ADC5C12041A9}.Release|Any CPU.ActiveCfg = Release|Any CPU
		{7346FE37-8D75-4EE9-99BF-ADC5C12041A9}.Release|Any CPU.Build.0 = Release|Any CPU
	EndGlobalSection
	GlobalSection(SolutionProperties) = preSolution
		HideSolutionNode = FALSE
	EndGlobalSection
EndGlobal
